
Microsoft Visual Studio Solution File, Format Version 12.00
# Visual Studio 15
Project("{FAE04EC0-301F-11D3-BF4B-00C04F79EFBC}") = "Assembly-CSharp", "Assembly-CSharp.csproj", "{7105B126-2B92-919A-89E7-979AD8C5DB29}"
EndProject
Project("{FAE04EC0-301F-11D3-BF4B-00C04F79EFBC}") = "Assembly-CSharp-Editor", "Assembly-CSharp-Editor.csproj", "{B685FCC4-B035-B319-0630-617E1C8BBA0B}"
EndProject
Global
	GlobalSection(SolutionConfigurationPlatforms) = preSolution
		Debug|Any CPU = Debug|Any CPU
		Release|Any CPU = Release|Any CPU
	EndGlobalSection
	GlobalSection(ProjectConfigurationPlatforms) = postSolution
		{7105B126-2B92-919A-89E7-979AD8C5DB29}.Debug|Any CPU.ActiveCfg = Debug|Any CPU
		{7105B126-2B92-919A-89E7-979AD8C5DB29}.Debug|Any CPU.Build.0 = Debug|Any CPU
		{7105B126-2B92-919A-89E7-979AD8C5DB29}.Release|Any CPU.ActiveCfg = Release|Any CPU
		{7105B126-2B92-919A-89E7-979AD8C5DB29}.Release|Any CPU.Build.0 = Release|Any CPU
		{B685FCC4-B035-B319-0630-617E1C8BBA0B}.Debug|Any CPU.ActiveCfg = Debug|Any CPU
		{B685FCC4-B035-B319-0630-617E1C8BBA0B}.Debug|Any CPU.Build.0 = Debug|Any CPU
		{B685FCC4-B035-B319-0630-617E1C8BBA0B}.Release|Any CPU.ActiveCfg = Release|Any CPU
		{B685FCC4-B035-B319-0630-617E1C8BBA0B}.Release|Any CPU.Build.0 = Release|Any CPU
	EndGlobalSection
	GlobalSection(SolutionProperties) = preSolution
		HideSolutionNode = FALSE
	EndGlobalSection
EndGlobal
